
Microsoft Visual Studio Solution File, Format Version 12.00
# Visual Studio 15
VisualStudioVersion = 15.0.27130.2027
MinimumVisualStudioVersion = 10.0.40219.1
Project("{FAE04EC0-301F-11D3-BF4B-00C04F79EFBC}") = "Arrowverse", "Arrowverse\Arrowverse.csproj", "{2B834C51-E9BF-4BE8-A8CA-A6C0E1A5802D}"
EndProject
Global
	GlobalSection(SolutionConfigurationPlatforms) = preSolution
		Debug|Any CPU = Debug|Any CPU
		Release|Any CPU = Release|Any CPU
	EndGlobalSection
	GlobalSection(ProjectConfigurationPlatforms) = postSolution
		{2B834C51-E9BF-4BE8-A8CA-A6C0E1A5802D}.Debug|Any CPU.ActiveCfg = Debug|Any CPU
		{2B834C51-E9BF-4BE8-A8CA-A6C0E1A5802D}.Debug|Any CPU.Build.0 = Debug|Any CPU
		{2B834C51-E9BF-4BE8-A8CA-A6C0E1A5802D}.Release|Any CPU.ActiveCfg = Release|Any CPU
		{2B834C51-E9BF-4BE8-A8CA-A6C0E1A5802D}.Release|Any CPU.Build.0 = Release|Any CPU
	EndGlobalSection
	GlobalSection(SolutionProperties) = preSolution
		HideSolutionNode = FALSE
	EndGlobalSection
	GlobalSection(ExtensibilityGlobals) = postSolution
		SolutionGuid = {88A89B72-EAC8-41A9-BCD9-FD88DE34BCEC}
	EndGlobalSection
EndGlobal
